
Microsoft Visual Studio Solution File, Format Version 12.00
# Visual Studio Version 16
VisualStudioVersion = 16.0.30626.31
MinimumVisualStudioVersion = 10.0.40219.1
Project("{FAE04EC0-301F-11D3-BF4B-00C04F79EFBC}") = "WebApplication1", "WebApplication1.csproj", "{DBE256FF-FBBB-4AC7-992F-7F46EFCDE9CA}"
EndProject
Global
	GlobalSection(SolutionConfigurationPlatforms) = preSolution
		Debug|Any CPU = Debug|Any CPU
		Release|Any CPU = Release|Any CPU
	EndGlobalSection
	GlobalSection(ProjectConfigurationPlatforms) = postSolution
		{DBE256FF-FBBB-4AC7-992F-7F46EFCDE9CA}.Debug|Any CPU.ActiveCfg = Debug|Any CPU
		{DBE256FF-FBBB-4AC7-992F-7F46EFCDE9CA}.Debug|Any CPU.Build.0 = Debug|Any CPU
		{DBE256FF-FBBB-4AC7-992F-7F46EFCDE9CA}.Release|Any CPU.ActiveCfg = Release|Any CPU
		{DBE256FF-FBBB-4AC7-992F-7F46EFCDE9CA}.Release|Any CPU.Build.0 = Release|Any CPU
	EndGlobalSection
	GlobalSection(SolutionProperties) = preSolution
		HideSolutionNode = FALSE
	EndGlobalSection
	GlobalSection(ExtensibilityGlobals) = postSolution
		SolutionGuid = {F5128791-CAA1-43E0-9269-12CAD55C6D50}
	EndGlobalSection
EndGlobal
