
Microsoft Visual Studio Solution File, Format Version 12.00
# Visual Studio Version 16
VisualStudioVersion = 16.0.30420.98
MinimumVisualStudioVersion = 10.0.40219.1
Project("{FAE04EC0-301F-11D3-BF4B-00C04F79EFBC}") = "QandA", "QandA.csproj", "{58F846DA-6A80-47AA-B2B1-E017D0B49316}"
EndProject
Global
	GlobalSection(SolutionConfigurationPlatforms) = preSolution
		Debug|Any CPU = Debug|Any CPU
		Release|Any CPU = Release|Any CPU
	EndGlobalSection
	GlobalSection(ProjectConfigurationPlatforms) = postSolution
		{58F846DA-6A80-47AA-B2B1-E017D0B49316}.Debug|Any CPU.ActiveCfg = Debug|Any CPU
		{58F846DA-6A80-47AA-B2B1-E017D0B49316}.Debug|Any CPU.Build.0 = Debug|Any CPU
		{58F846DA-6A80-47AA-B2B1-E017D0B49316}.Release|Any CPU.ActiveCfg = Release|Any CPU
		{58F846DA-6A80-47AA-B2B1-E017D0B49316}.Release|Any CPU.Build.0 = Release|Any CPU
	EndGlobalSection
	GlobalSection(SolutionProperties) = preSolution
		HideSolutionNode = FALSE
	EndGlobalSection
	GlobalSection(ExtensibilityGlobals) = postSolution
		SolutionGuid = {1A8E3E64-EDDE-44A4-801E-9C6347BC475F}
	EndGlobalSection
EndGlobal
