
Microsoft Visual Studio Solution File, Format Version 12.00
# Visual Studio Version 16
VisualStudioVersion = 16.0.30626.31
MinimumVisualStudioVersion = 10.0.40219.1
Project("{FAE04EC0-301F-11D3-BF4B-00C04F79EFBC}") = "QandA", "QandA.csproj", "{8CC39140-28FB-47FB-B2BA-6FF65B408539}"
EndProject
Global
	GlobalSection(SolutionConfigurationPlatforms) = preSolution
		Debug|Any CPU = Debug|Any CPU
		Release|Any CPU = Release|Any CPU
	EndGlobalSection
	GlobalSection(ProjectConfigurationPlatforms) = postSolution
		{8CC39140-28FB-47FB-B2BA-6FF65B408539}.Debug|Any CPU.ActiveCfg = Debug|Any CPU
		{8CC39140-28FB-47FB-B2BA-6FF65B408539}.Debug|Any CPU.Build.0 = Debug|Any CPU
		{8CC39140-28FB-47FB-B2BA-6FF65B408539}.Release|Any CPU.ActiveCfg = Release|Any CPU
		{8CC39140-28FB-47FB-B2BA-6FF65B408539}.Release|Any CPU.Build.0 = Release|Any CPU
	EndGlobalSection
	GlobalSection(SolutionProperties) = preSolution
		HideSolutionNode = FALSE
	EndGlobalSection
	GlobalSection(ExtensibilityGlobals) = postSolution
		SolutionGuid = {274CA2B5-B9D1-47F7-93A8-2C35DCA8E26E}
	EndGlobalSection
EndGlobal
